
Microsoft Visual Studio Solution File, Format Version 12.00
# Visual Studio Version 17
VisualStudioVersion = 17.3.32819.101
MinimumVisualStudioVersion = 10.0.40219.1
Project("{FAE04EC0-301F-11D3-BF4B-00C04F79EFBC}") = "EnsNameConverter", "EnsNameConverter.csproj", "{6DE25A96-C699-4139-A2D7-DB2FEC5DBA6F}"
EndProject
Global
	GlobalSection(SolutionConfigurationPlatforms) = preSolution
		Debug|Any CPU = Debug|Any CPU
		Release|Any CPU = Release|Any CPU
	EndGlobalSection
	GlobalSection(ProjectConfigurationPlatforms) = postSolution
		{6DE25A96-C699-4139-A2D7-DB2FEC5DBA6F}.Debug|Any CPU.ActiveCfg = Debug|Any CPU
		{6DE25A96-C699-4139-A2D7-DB2FEC5DBA6F}.Debug|Any CPU.Build.0 = Debug|Any CPU
		{6DE25A96-C699-4139-A2D7-DB2FEC5DBA6F}.Release|Any CPU.ActiveCfg = Release|Any CPU
		{6DE25A96-C699-4139-A2D7-DB2FEC5DBA6F}.Release|Any CPU.Build.0 = Release|Any CPU
	EndGlobalSection
	GlobalSection(SolutionProperties) = preSolution
		HideSolutionNode = FALSE
	EndGlobalSection
	GlobalSection(ExtensibilityGlobals) = postSolution
		SolutionGuid = {395657B0-9C14-426A-9014-8A8D897CDF33}
	EndGlobalSection
EndGlobal
